
Microsoft Visual Studio Solution File, Format Version 12.00
# Visual Studio Version 17
VisualStudioVersion = 17.1.32414.318
MinimumVisualStudioVersion = 10.0.40219.1
Project("{FAE04EC0-301F-11D3-BF4B-00C04F79EFBC}") = "TestApp", "XmlSpreadsheetParser\TestApp.csproj", "{2682F73D-7AA9-46EA-AC13-BFF7F05A0AE5}"
EndProject
Project("{FAE04EC0-301F-11D3-BF4B-00C04F79EFBC}") = "XmlSpreadsheetFile", "XmlSpreadsheetFile\XmlSpreadsheetFile.csproj", "{A2C453DD-5BE1-4037-9E21-BCB8C8209AD9}"
EndProject
Global
	GlobalSection(SolutionConfigurationPlatforms) = preSolution
		Debug|Any CPU = Debug|Any CPU
		Release|Any CPU = Release|Any CPU
	EndGlobalSection
	GlobalSection(ProjectConfigurationPlatforms) = postSolution
		{2682F73D-7AA9-46EA-AC13-BFF7F05A0AE5}.Debug|Any CPU.ActiveCfg = Debug|Any CPU
		{2682F73D-7AA9-46EA-AC13-BFF7F05A0AE5}.Debug|Any CPU.Build.0 = Debug|Any CPU
		{2682F73D-7AA9-46EA-AC13-BFF7F05A0AE5}.Release|Any CPU.ActiveCfg = Release|Any CPU
		{2682F73D-7AA9-46EA-AC13-BFF7F05A0AE5}.Release|Any CPU.Build.0 = Release|Any CPU
		{A2C453DD-5BE1-4037-9E21-BCB8C8209AD9}.Debug|Any CPU.ActiveCfg = Debug|Any CPU
		{A2C453DD-5BE1-4037-9E21-BCB8C8209AD9}.Debug|Any CPU.Build.0 = Debug|Any CPU
		{A2C453DD-5BE1-4037-9E21-BCB8C8209AD9}.Release|Any CPU.ActiveCfg = Release|Any CPU
		{A2C453DD-5BE1-4037-9E21-BCB8C8209AD9}.Release|Any CPU.Build.0 = Release|Any CPU
	EndGlobalSection
	GlobalSection(SolutionProperties) = preSolution
		HideSolutionNode = FALSE
	EndGlobalSection
	GlobalSection(ExtensibilityGlobals) = postSolution
		SolutionGuid = {A2306D27-FB19-43A5-8F49-9844996D8040}
	EndGlobalSection
EndGlobal
